dependencies:
  idf:
    component_hash: null
    source:
      type: idf
    version: 5.0.1
  lvgl/lvgl:
    component_hash: d7c1ac037ae6e85d94897f807d6e7ba0946a83e720074fc95a4f6241da9f9f53
    source:
      service_url: https://api.components.espressif.com/
      type: service
    version: 8.4.0
manifest_hash: 9c81c6e7e29a37c80e07dc58a79256e95c2bbe22b9c0ec7e20f660f39eaeb0e2
target: esp32
version: 1.0.0
